// !$*UTF8*$!
{
	archiveVersion = 1;
	classes = {
	};
	objectVersion = 50;
	objects = {

/* Begin PBXBuildFile section */
		2FB8658D21EFB6FB001FB4FE /* FavoriteCardsRepositorySpec.swift in Sources */ = {isa = PBXBuildFile; fileRef = 2FB8658C21EFB6FB001FB4FE /* FavoriteCardsRepositorySpec.swift */; };
		2FB8659521EFB81C001FB4FE /* RealmCardMock.swift in Sources */ = {isa = PBXBuildFile; fileRef = A19CFD9F21EFAA4A0060A691 /* RealmCardMock.swift */; };
		2FB8659621EFB820001FB4FE /* RealmCardSetMock.swift in Sources */ = {isa = PBXBuildFile; fileRef = A19CFDA221EFAB8E0060A691 /* RealmCardSetMock.swift */; };
		2FB8659921F09B15001FB4FE /* RealmCardSpec.swift in Sources */ = {isa = PBXBuildFile; fileRef = 2FB8659821F09B15001FB4FE /* RealmCardSpec.swift */; };
		2FB8659B21F09CA6001FB4FE /* RealmCardSetSpec.swift in Sources */ = {isa = PBXBuildFile; fileRef = 2FB8659A21F09CA6001FB4FE /* RealmCardSetSpec.swift */; };
		2FB8659E21F09E84001FB4FE /* CacheManagerSpec.swift in Sources */ = {isa = PBXBuildFile; fileRef = 2FB8659D21F09E84001FB4FE /* CacheManagerSpec.swift */; };
		2FB954CF21EF8C3900B09AFF /* DomainRepresentable.swift in Sources */ = {isa = PBXBuildFile; fileRef = 2FB954CD21EF8C3900B09AFF /* DomainRepresentable.swift */; };
		2FB954D021EF8C3900B09AFF /* RealmRepresentable.swift in Sources */ = {isa = PBXBuildFile; fileRef = 2FB954CE21EF8C3900B09AFF /* RealmRepresentable.swift */; };
		2FB954D221EF8C6900B09AFF /* RealmCard.swift in Sources */ = {isa = PBXBuildFile; fileRef = 2FB954D121EF8C6900B09AFF /* RealmCard.swift */; };
		2FB954D321EF8CB700B09AFF /* Realm.framework in Frameworks */ = {isa = PBXBuildFile; fileRef = A13C654521EF6FA800689169 /* Realm.framework */; };
		2FB954D421EF8CB700B09AFF /* RealmSwift.framework in Frameworks */ = {isa = PBXBuildFile; fileRef = A13C654221EF6FA800689169 /* RealmSwift.framework */; };
		2FB954D721EF961800B09AFF /* RepositoryAbstract.swift in Sources */ = {isa = PBXBuildFile; fileRef = 2FB954D621EF961800B09AFF /* RepositoryAbstract.swift */; };
		2FB954D921EF964700B09AFF /* FavoriteCardsRepository.swift in Sources */ = {isa = PBXBuildFile; fileRef = 2FB954D821EF964700B09AFF /* FavoriteCardsRepository.swift */; };
		2FB954DC21EF9D1B00B09AFF /* UseCaseProviders.swift in Sources */ = {isa = PBXBuildFile; fileRef = 2FB954DB21EF9D1B00B09AFF /* UseCaseProviders.swift */; };
		2FB954DE21EF9D4200B09AFF /* FavoriteCardsService.swift in Sources */ = {isa = PBXBuildFile; fileRef = 2FB954DD21EF9D4200B09AFF /* FavoriteCardsService.swift */; };
		2FB954E021EF9F2000B09AFF /* CacheService.swift in Sources */ = {isa = PBXBuildFile; fileRef = 2FB954DF21EF9F2000B09AFF /* CacheService.swift */; };
		2FEBC25121ED057800B10DED /* Domain.h in Headers */ = {isa = PBXBuildFile; fileRef = 2FEBC24F21ED057800B10DED /* Domain.h */; settings = {ATTRIBUTES = (Public, ); }; };
		2FEBC25421ED057800B10DED /* Domain.framework in Frameworks */ = {isa = PBXBuildFile; fileRef = 2FEBC24D21ED057800B10DED /* Domain.framework */; };
		2FEBC25521ED057800B10DED /* Domain.framework in Embed Frameworks */ = {isa = PBXBuildFile; fileRef = 2FEBC24D21ED057800B10DED /* Domain.framework */; settings = {ATTRIBUTES = (CodeSignOnCopy, RemoveHeadersOnCopy, ); }; };
		2FEBC25D21ED05AD00B10DED /* Card.swift in Sources */ = {isa = PBXBuildFile; fileRef = 2FEBC25C21ED05AD00B10DED /* Card.swift */; };
		2FEBC25F21ED05C300B10DED /* CardSet.swift in Sources */ = {isa = PBXBuildFile; fileRef = 2FEBC25E21ED05C300B10DED /* CardSet.swift */; };
		2FEBC26121ED063B00B10DED /* CardType.swift in Sources */ = {isa = PBXBuildFile; fileRef = 2FEBC26021ED063B00B10DED /* CardType.swift */; };
		2FEBC26421ED186E00B10DED /* ArgumentFile.swift in Sources */ = {isa = PBXBuildFile; fileRef = 2FEBC26321ED186E00B10DED /* ArgumentFile.swift */; };
		2FEBC26621EE02D800B10DED /* ApplicationUseCase.swift in Sources */ = {isa = PBXBuildFile; fileRef = 2FEBC26521EE02D800B10DED /* ApplicationUseCase.swift */; };
		2FEBC26821EE042800B10DED /* Result.swift in Sources */ = {isa = PBXBuildFile; fileRef = 2FEBC26721EE042800B10DED /* Result.swift */; };
		2FEBC26A21EE04E700B10DED /* CardsUseCase.swift in Sources */ = {isa = PBXBuildFile; fileRef = 2FEBC26921EE04E700B10DED /* CardsUseCase.swift */; };
		2FEBC26C21EE055B00B10DED /* FavoriteCardsUseCase.swift in Sources */ = {isa = PBXBuildFile; fileRef = 2FEBC26B21EE055B00B10DED /* FavoriteCardsUseCase.swift */; };
		2FEBC26E21EE05B600B10DED /* UseCaseProviders.swift in Sources */ = {isa = PBXBuildFile; fileRef = 2FEBC26D21EE05B600B10DED /* UseCaseProviders.swift */; };
		A10C946421EFB5FE0061632A /* Realm.framework in Embed Frameworks */ = {isa = PBXBuildFile; fileRef = A13C654521EF6FA800689169 /* Realm.framework */; settings = {ATTRIBUTES = (CodeSignOnCopy, RemoveHeadersOnCopy, ); }; };
		A10C946521EFB5FE0061632A /* RealmSwift.framework in Embed Frameworks */ = {isa = PBXBuildFile; fileRef = A13C654221EF6FA800689169 /* RealmSwift.framework */; settings = {ATTRIBUTES = (CodeSignOnCopy, RemoveHeadersOnCopy, ); }; };
		A1145E0C21ECF18900A1A665 /* AppDelegate.swift in Sources */ = {isa = PBXBuildFile; fileRef = A1145E0B21ECF18900A1A665 /* AppDelegate.swift */; };
		A1145E0E21ECF18900A1A665 /* ViewController.swift in Sources */ = {isa = PBXBuildFile; fileRef = A1145E0D21ECF18900A1A665 /* ViewController.swift */; };
		A1145E1121ECF18900A1A665 /* Main.storyboard in Resources */ = {isa = PBXBuildFile; fileRef = A1145E0F21ECF18900A1A665 /* Main.storyboard */; };
		A1145E1421ECF18900A1A665 /* DesafioBootcamp.xcdatamodeld in Sources */ = {isa = PBXBuildFile; fileRef = A1145E1221ECF18900A1A665 /* DesafioBootcamp.xcdatamodeld */; };
		A1145E1621ECF18B00A1A665 /* Assets.xcassets in Resources */ = {isa = PBXBuildFile; fileRef = A1145E1521ECF18B00A1A665 /* Assets.xcassets */; };
		A1145E1921ECF18B00A1A665 /* LaunchScreen.storyboard in Resources */ = {isa = PBXBuildFile; fileRef = A1145E1721ECF18B00A1A665 /* LaunchScreen.storyboard */; };
		A13645AD21EFB9A2007D81EB /* Nimble.framework in Embed Frameworks */ = {isa = PBXBuildFile; fileRef = A13C654421EF6FA800689169 /* Nimble.framework */; settings = {ATTRIBUTES = (CodeSignOnCopy, RemoveHeadersOnCopy, ); }; };
		A13645AE21EFB9A2007D81EB /* Quick.framework in Embed Frameworks */ = {isa = PBXBuildFile; fileRef = A13C654321EF6FA800689169 /* Quick.framework */; settings = {ATTRIBUTES = (CodeSignOnCopy, RemoveHeadersOnCopy, ); }; };
		A13645B521EFBAEA007D81EB /* Nimble.framework in Frameworks */ = {isa = PBXBuildFile; fileRef = A13C654421EF6FA800689169 /* Nimble.framework */; };
		A13645B621EFBAEA007D81EB /* Quick.framework in Frameworks */ = {isa = PBXBuildFile; fileRef = A13C654321EF6FA800689169 /* Quick.framework */; };
		A19CFD7121EF85620060A691 /* RealmObjects.swift in Sources */ = {isa = PBXBuildFile; fileRef = A19CFD7021EF85620060A691 /* RealmObjects.swift */; };
		A19CFD7421EF8DA90060A691 /* RealmCardSet.swift in Sources */ = {isa = PBXBuildFile; fileRef = A19CFD7321EF8DA90060A691 /* RealmCardSet.swift */; };
		A19CFD7621EF8E8A0060A691 /* RealmCardType.swift in Sources */ = {isa = PBXBuildFile; fileRef = A19CFD7521EF8E8A0060A691 /* RealmCardType.swift */; };
		A19CFD7821EF9A960060A691 /* CacheManager.swift in Sources */ = {isa = PBXBuildFile; fileRef = A19CFD7721EF9A960060A691 /* CacheManager.swift */; };
		A1DF492B21EE769E00E1DCF6 /* MTGService.swift in Sources */ = {isa = PBXBuildFile; fileRef = A1DF492A21EE769E00E1DCF6 /* MTGService.swift */; };
		A1DF492E21EF535F00E1DCF6 /* CardsViewController.swift in Sources */ = {isa = PBXBuildFile; fileRef = A1DF492D21EF535F00E1DCF6 /* CardsViewController.swift */; };
		A1DF493121EF540900E1DCF6 /* CardsScreen.swift in Sources */ = {isa = PBXBuildFile; fileRef = A1DF493021EF540900E1DCF6 /* CardsScreen.swift */; };
		A1DF493421EF543400E1DCF6 /* ViewCode Protocol.swift in Sources */ = {isa = PBXBuildFile; fileRef = A1DF493321EF543400E1DCF6 /* ViewCode Protocol.swift */; };
		A1DF494021EF64FA00E1DCF6 /* PlatformAPI.h in Headers */ = {isa = PBXBuildFile; fileRef = A1DF493E21EF64FA00E1DCF6 /* PlatformAPI.h */; settings = {ATTRIBUTES = (Public, ); }; };
		A1DF494321EF64FA00E1DCF6 /* PlatformAPI.framework in Frameworks */ = {isa = PBXBuildFile; fileRef = A1DF493C21EF64FA00E1DCF6 /* PlatformAPI.framework */; };
		A1DF494421EF64FA00E1DCF6 /* PlatformAPI.framework in Embed Frameworks */ = {isa = PBXBuildFile; fileRef = A1DF493C21EF64FA00E1DCF6 /* PlatformAPI.framework */; settings = {ATTRIBUTES = (CodeSignOnCopy, RemoveHeadersOnCopy, ); }; };
		A1DF495121EF651900E1DCF6 /* PlatformLocalDatabase.h in Headers */ = {isa = PBXBuildFile; fileRef = A1DF494F21EF651900E1DCF6 /* PlatformLocalDatabase.h */; settings = {ATTRIBUTES = (Public, ); }; };
		A1DF495421EF651900E1DCF6 /* PlatformLocalDatabase.framework in Frameworks */ = {isa = PBXBuildFile; fileRef = A1DF494D21EF651900E1DCF6 /* PlatformLocalDatabase.framework */; };
		A1DF495521EF651900E1DCF6 /* PlatformLocalDatabase.framework in Embed Frameworks */ = {isa = PBXBuildFile; fileRef = A1DF494D21EF651900E1DCF6 /* PlatformLocalDatabase.framework */; settings = {ATTRIBUTES = (CodeSignOnCopy, RemoveHeadersOnCopy, ); }; };
/* End PBXBuildFile section */

/* Begin PBXContainerItemProxy section */
		2FB8658F21EFB6FB001FB4FE /* PBXContainerItemProxy */ = {
			isa = PBXContainerItemProxy;
			containerPortal = A1145E0021ECF18900A1A665 /* Project object */;
			proxyType = 1;
			remoteGlobalIDString = A1145E0721ECF18900A1A665;
			remoteInfo = DesafioBootcamp;
		};
		2FEBC25221ED057800B10DED /* PBXContainerItemProxy */ = {
			isa = PBXContainerItemProxy;
			containerPortal = A1145E0021ECF18900A1A665 /* Project object */;
			proxyType = 1;
			remoteGlobalIDString = 2FEBC24C21ED057800B10DED;
			remoteInfo = Domain;
		};
		A1DF494121EF64FA00E1DCF6 /* PBXContainerItemProxy */ = {
			isa = PBXContainerItemProxy;
			containerPortal = A1145E0021ECF18900A1A665 /* Project object */;
			proxyType = 1;
			remoteGlobalIDString = A1DF493B21EF64FA00E1DCF6;
			remoteInfo = PlatformAPI;
		};
		A1DF495221EF651900E1DCF6 /* PBXContainerItemProxy */ = {
			isa = PBXContainerItemProxy;
			containerPortal = A1145E0021ECF18900A1A665 /* Project object */;
			proxyType = 1;
			remoteGlobalIDString = A1DF494C21EF651900E1DCF6;
			remoteInfo = PlatformLocalDatabase;
		};
/* End PBXContainerItemProxy section */

/* Begin PBXCopyFilesBuildPhase section */
		2FEBC25921ED057800B10DED /* Embed Frameworks */ = {
			isa = PBXCopyFilesBuildPhase;
			buildActionMask = 12;
			dstPath = "";
			dstSubfolderSpec = 10;
			files = (
				A13645AD21EFB9A2007D81EB /* Nimble.framework in Embed Frameworks */,
				A13645AE21EFB9A2007D81EB /* Quick.framework in Embed Frameworks */,
				A10C946421EFB5FE0061632A /* Realm.framework in Embed Frameworks */,
				A10C946521EFB5FE0061632A /* RealmSwift.framework in Embed Frameworks */,
				A1DF494421EF64FA00E1DCF6 /* PlatformAPI.framework in Embed Frameworks */,
				2FEBC25521ED057800B10DED /* Domain.framework in Embed Frameworks */,
				A1DF495521EF651900E1DCF6 /* PlatformLocalDatabase.framework in Embed Frameworks */,
			);
			name = "Embed Frameworks";
			runOnlyForDeploymentPostprocessing = 0;
		};
/* End PBXCopyFilesBuildPhase section */

/* Begin PBXFileReference section */
		2FB8658A21EFB6FB001FB4FE /* PlatformLocalDatabaseTests.xctest */ = {isa = PBXFileReference; explicitFileType = wrapper.cfbundle; includeInIndex = 0; path = PlatformLocalDatabaseTests.xctest; sourceTree = BUILT_PRODUCTS_DIR; };
		2FB8658C21EFB6FB001FB4FE /* FavoriteCardsRepositorySpec.swift */ = {isa = PBXFileReference; lastKnownFileType = sourcecode.swift; path = FavoriteCardsRepositorySpec.swift; sourceTree = "<group>"; };
		2FB8658E21EFB6FB001FB4FE /* Info.plist */ = {isa = PBXFileReference; lastKnownFileType = text.plist.xml; path = Info.plist; sourceTree = "<group>"; };
		2FB8659821F09B15001FB4FE /* RealmCardSpec.swift */ = {isa = PBXFileReference; lastKnownFileType = sourcecode.swift; path = RealmCardSpec.swift; sourceTree = "<group>"; };
		2FB8659A21F09CA6001FB4FE /* RealmCardSetSpec.swift */ = {isa = PBXFileReference; lastKnownFileType = sourcecode.swift; path = RealmCardSetSpec.swift; sourceTree = "<group>"; };
		2FB8659D21F09E84001FB4FE /* CacheManagerSpec.swift */ = {isa = PBXFileReference; lastKnownFileType = sourcecode.swift; path = CacheManagerSpec.swift; sourceTree = "<group>"; };
		2FB954CD21EF8C3900B09AFF /* DomainRepresentable.swift */ = {isa = PBXFileReference; fileEncoding = 4; lastKnownFileType = sourcecode.swift; path = DomainRepresentable.swift; sourceTree = "<group>"; };
		2FB954CE21EF8C3900B09AFF /* RealmRepresentable.swift */ = {isa = PBXFileReference; fileEncoding = 4; lastKnownFileType = sourcecode.swift; path = RealmRepresentable.swift; sourceTree = "<group>"; };
		2FB954D121EF8C6900B09AFF /* RealmCard.swift */ = {isa = PBXFileReference; lastKnownFileType = sourcecode.swift; path = RealmCard.swift; sourceTree = "<group>"; };
		2FB954D621EF961800B09AFF /* RepositoryAbstract.swift */ = {isa = PBXFileReference; fileEncoding = 4; lastKnownFileType = sourcecode.swift; path = RepositoryAbstract.swift; sourceTree = "<group>"; };
		2FB954D821EF964700B09AFF /* FavoriteCardsRepository.swift */ = {isa = PBXFileReference; lastKnownFileType = sourcecode.swift; path = FavoriteCardsRepository.swift; sourceTree = "<group>"; };
		2FB954DB21EF9D1B00B09AFF /* UseCaseProviders.swift */ = {isa = PBXFileReference; lastKnownFileType = sourcecode.swift; path = UseCaseProviders.swift; sourceTree = "<group>"; };
		2FB954DD21EF9D4200B09AFF /* FavoriteCardsService.swift */ = {isa = PBXFileReference; lastKnownFileType = sourcecode.swift; path = FavoriteCardsService.swift; sourceTree = "<group>"; };
		2FB954DF21EF9F2000B09AFF /* CacheService.swift */ = {isa = PBXFileReference; lastKnownFileType = sourcecode.swift; path = CacheService.swift; sourceTree = "<group>"; };
		2FEBC24D21ED057800B10DED /* Domain.framework */ = {isa = PBXFileReference; explicitFileType = wrapper.framework; includeInIndex = 0; path = Domain.framework; sourceTree = BUILT_PRODUCTS_DIR; };
		2FEBC24F21ED057800B10DED /* Domain.h */ = {isa = PBXFileReference; lastKnownFileType = sourcecode.c.h; path = Domain.h; sourceTree = "<group>"; };
		2FEBC25021ED057800B10DED /* Info.plist */ = {isa = PBXFileReference; lastKnownFileType = text.plist.xml; path = Info.plist; sourceTree = "<group>"; };
		2FEBC25C21ED05AD00B10DED /* Card.swift */ = {isa = PBXFileReference; lastKnownFileType = sourcecode.swift; path = Card.swift; sourceTree = "<group>"; };
		2FEBC25E21ED05C300B10DED /* CardSet.swift */ = {isa = PBXFileReference; lastKnownFileType = sourcecode.swift; path = CardSet.swift; sourceTree = "<group>"; };
		2FEBC26021ED063B00B10DED /* CardType.swift */ = {isa = PBXFileReference; lastKnownFileType = sourcecode.swift; path = CardType.swift; sourceTree = "<group>"; };
		2FEBC26321ED186E00B10DED /* ArgumentFile.swift */ = {isa = PBXFileReference; lastKnownFileType = sourcecode.swift; path = ArgumentFile.swift; sourceTree = "<group>"; };
		2FEBC26521EE02D800B10DED /* ApplicationUseCase.swift */ = {isa = PBXFileReference; lastKnownFileType = sourcecode.swift; path = ApplicationUseCase.swift; sourceTree = "<group>"; };
		2FEBC26721EE042800B10DED /* Result.swift */ = {isa = PBXFileReference; fileEncoding = 4; lastKnownFileType = sourcecode.swift; path = Result.swift; sourceTree = "<group>"; };
		2FEBC26921EE04E700B10DED /* CardsUseCase.swift */ = {isa = PBXFileReference; lastKnownFileType = sourcecode.swift; path = CardsUseCase.swift; sourceTree = "<group>"; };
		2FEBC26B21EE055B00B10DED /* FavoriteCardsUseCase.swift */ = {isa = PBXFileReference; lastKnownFileType = sourcecode.swift; path = FavoriteCardsUseCase.swift; sourceTree = "<group>"; };
		2FEBC26D21EE05B600B10DED /* UseCaseProviders.swift */ = {isa = PBXFileReference; lastKnownFileType = sourcecode.swift; path = UseCaseProviders.swift; sourceTree = "<group>"; };
		A1145E0821ECF18900A1A665 /* DesafioBootcamp.app */ = {isa = PBXFileReference; explicitFileType = wrapper.application; includeInIndex = 0; path = DesafioBootcamp.app; sourceTree = BUILT_PRODUCTS_DIR; };
		A1145E0B21ECF18900A1A665 /* AppDelegate.swift */ = {isa = PBXFileReference; lastKnownFileType = sourcecode.swift; path = AppDelegate.swift; sourceTree = "<group>"; };
		A1145E0D21ECF18900A1A665 /* ViewController.swift */ = {isa = PBXFileReference; lastKnownFileType = sourcecode.swift; path = ViewController.swift; sourceTree = "<group>"; };
		A1145E1021ECF18900A1A665 /* Base */ = {isa = PBXFileReference; lastKnownFileType = file.storyboard; name = Base; path = Base.lproj/Main.storyboard; sourceTree = "<group>"; };
		A1145E1321ECF18900A1A665 /* DesafioBootcamp.xcdatamodel */ = {isa = PBXFileReference; lastKnownFileType = wrapper.xcdatamodel; path = DesafioBootcamp.xcdatamodel; sourceTree = "<group>"; };
		A1145E1521ECF18B00A1A665 /* Assets.xcassets */ = {isa = PBXFileReference; lastKnownFileType = folder.assetcatalog; path = Assets.xcassets; sourceTree = "<group>"; };
		A1145E1821ECF18B00A1A665 /* Base */ = {isa = PBXFileReference; lastKnownFileType = file.storyboard; name = Base; path = Base.lproj/LaunchScreen.storyboard; sourceTree = "<group>"; };
		A1145E1A21ECF18B00A1A665 /* Info.plist */ = {isa = PBXFileReference; lastKnownFileType = text.plist.xml; path = Info.plist; sourceTree = "<group>"; };
		A13C654221EF6FA800689169 /* RealmSwift.framework */ = {isa = PBXFileReference; lastKnownFileType = wrapper.framework; name = RealmSwift.framework; path = Frameworks/RealmSwift.framework; sourceTree = "<group>"; };
		A13C654321EF6FA800689169 /* Quick.framework */ = {isa = PBXFileReference; lastKnownFileType = wrapper.framework; name = Quick.framework; path = Frameworks/Quick.framework; sourceTree = "<group>"; };
		A13C654421EF6FA800689169 /* Nimble.framework */ = {isa = PBXFileReference; lastKnownFileType = wrapper.framework; name = Nimble.framework; path = Frameworks/Nimble.framework; sourceTree = "<group>"; };
		A13C654521EF6FA800689169 /* Realm.framework */ = {isa = PBXFileReference; lastKnownFileType = wrapper.framework; name = Realm.framework; path = Frameworks/Realm.framework; sourceTree = "<group>"; };
		A19CFD7021EF85620060A691 /* RealmObjects.swift */ = {isa = PBXFileReference; lastKnownFileType = sourcecode.swift; path = RealmObjects.swift; sourceTree = "<group>"; };
		A19CFD7321EF8DA90060A691 /* RealmCardSet.swift */ = {isa = PBXFileReference; lastKnownFileType = sourcecode.swift; path = RealmCardSet.swift; sourceTree = "<group>"; };
		A19CFD7521EF8E8A0060A691 /* RealmCardType.swift */ = {isa = PBXFileReference; lastKnownFileType = sourcecode.swift; path = RealmCardType.swift; sourceTree = "<group>"; };
		A19CFD7721EF9A960060A691 /* CacheManager.swift */ = {isa = PBXFileReference; lastKnownFileType = sourcecode.swift; path = CacheManager.swift; sourceTree = "<group>"; };
		A19CFD9F21EFAA4A0060A691 /* RealmCardMock.swift */ = {isa = PBXFileReference; lastKnownFileType = sourcecode.swift; path = RealmCardMock.swift; sourceTree = "<group>"; };
		A19CFDA221EFAB8E0060A691 /* RealmCardSetMock.swift */ = {isa = PBXFileReference; lastKnownFileType = sourcecode.swift; path = RealmCardSetMock.swift; sourceTree = "<group>"; };
		A1DF492A21EE769E00E1DCF6 /* MTGService.swift */ = {isa = PBXFileReference; lastKnownFileType = sourcecode.swift; path = MTGService.swift; sourceTree = "<group>"; };
		A1DF492D21EF535F00E1DCF6 /* CardsViewController.swift */ = {isa = PBXFileReference; lastKnownFileType = sourcecode.swift; path = CardsViewController.swift; sourceTree = "<group>"; };
		A1DF493021EF540900E1DCF6 /* CardsScreen.swift */ = {isa = PBXFileReference; lastKnownFileType = sourcecode.swift; path = CardsScreen.swift; sourceTree = "<group>"; };
		A1DF493321EF543400E1DCF6 /* ViewCode Protocol.swift */ = {isa = PBXFileReference; lastKnownFileType = sourcecode.swift; path = "ViewCode Protocol.swift"; sourceTree = "<group>"; };
		A1DF493C21EF64FA00E1DCF6 /* PlatformAPI.framework */ = {isa = PBXFileReference; explicitFileType = wrapper.framework; includeInIndex = 0; path = PlatformAPI.framework; sourceTree = BUILT_PRODUCTS_DIR; };
		A1DF493E21EF64FA00E1DCF6 /* PlatformAPI.h */ = {isa = PBXFileReference; lastKnownFileType = sourcecode.c.h; path = PlatformAPI.h; sourceTree = "<group>"; };
		A1DF493F21EF64FA00E1DCF6 /* Info.plist */ = {isa = PBXFileReference; lastKnownFileType = text.plist.xml; path = Info.plist; sourceTree = "<group>"; };
		A1DF494D21EF651900E1DCF6 /* PlatformLocalDatabase.framework */ = {isa = PBXFileReference; explicitFileType = wrapper.framework; includeInIndex = 0; path = PlatformLocalDatabase.framework; sourceTree = BUILT_PRODUCTS_DIR; };
		A1DF494F21EF651900E1DCF6 /* PlatformLocalDatabase.h */ = {isa = PBXFileReference; lastKnownFileType = sourcecode.c.h; path = PlatformLocalDatabase.h; sourceTree = "<group>"; };
		A1DF495021EF651900E1DCF6 /* Info.plist */ = {isa = PBXFileReference; lastKnownFileType = text.plist.xml; path = Info.plist; sourceTree = "<group>"; };
/* End PBXFileReference section */

/* Begin PBXFrameworksBuildPhase section */
		2FB8658721EFB6FB001FB4FE /* Frameworks */ = {
			isa = PBXFrameworksBuildPhase;
			buildActionMask = 2147483647;
			files = (
				A13645B521EFBAEA007D81EB /* Nimble.framework in Frameworks */,
				A13645B621EFBAEA007D81EB /* Quick.framework in Frameworks */,
			);
			runOnlyForDeploymentPostprocessing = 0;
		};
		2FEBC24A21ED057800B10DED /* Frameworks */ = {
			isa = PBXFrameworksBuildPhase;
			buildActionMask = 2147483647;
			files = (
			);
			runOnlyForDeploymentPostprocessing = 0;
		};
		A1145E0521ECF18900A1A665 /* Frameworks */ = {
			isa = PBXFrameworksBuildPhase;
			buildActionMask = 2147483647;
			files = (
				A1DF494321EF64FA00E1DCF6 /* PlatformAPI.framework in Frameworks */,
				2FEBC25421ED057800B10DED /* Domain.framework in Frameworks */,
				A1DF495421EF651900E1DCF6 /* PlatformLocalDatabase.framework in Frameworks */,
			);
			runOnlyForDeploymentPostprocessing = 0;
		};
		A1DF493921EF64FA00E1DCF6 /* Frameworks */ = {
			isa = PBXFrameworksBuildPhase;
			buildActionMask = 2147483647;
			files = (
			);
			runOnlyForDeploymentPostprocessing = 0;
		};
		A1DF494A21EF651900E1DCF6 /* Frameworks */ = {
			isa = PBXFrameworksBuildPhase;
			buildActionMask = 2147483647;
			files = (
				2FB954D321EF8CB700B09AFF /* Realm.framework in Frameworks */,
				2FB954D421EF8CB700B09AFF /* RealmSwift.framework in Frameworks */,
			);
			runOnlyForDeploymentPostprocessing = 0;
		};
/* End PBXFrameworksBuildPhase section */

/* Begin PBXGroup section */
		2FB8658B21EFB6FB001FB4FE /* PlatformLocalDatabaseTests */ = {
			isa = PBXGroup;
			children = (
				2FB8659C21F09E24001FB4FE /* Repository */,
				2FB8659721F09ABA001FB4FE /* Entities */,
				2FB8659421EFB808001FB4FE /* Samples */,
				2FB8658E21EFB6FB001FB4FE /* Info.plist */,
			);
			path = PlatformLocalDatabaseTests;
			sourceTree = "<group>";
		};
		2FB8659421EFB808001FB4FE /* Samples */ = {
			isa = PBXGroup;
			children = (
				A19CFD9F21EFAA4A0060A691 /* RealmCardMock.swift */,
				A19CFDA221EFAB8E0060A691 /* RealmCardSetMock.swift */,
			);
			path = Samples;
			sourceTree = "<group>";
		};
		2FB8659721F09ABA001FB4FE /* Entities */ = {
			isa = PBXGroup;
			children = (
				2FB8659821F09B15001FB4FE /* RealmCardSpec.swift */,
				2FB8659A21F09CA6001FB4FE /* RealmCardSetSpec.swift */,
			);
			path = Entities;
			sourceTree = "<group>";
		};
		2FB8659C21F09E24001FB4FE /* Repository */ = {
			isa = PBXGroup;
			children = (
				2FB8658C21EFB6FB001FB4FE /* FavoriteCardsRepositorySpec.swift */,
				2FB8659D21F09E84001FB4FE /* CacheManagerSpec.swift */,
			);
			path = Repository;
			sourceTree = "<group>";
		};
		2FB954CB21EF8C0400B09AFF /* Entities */ = {
			isa = PBXGroup;
			children = (
				2FB954CC21EF8C1000B09AFF /* Convertion */,
				2FB954D121EF8C6900B09AFF /* RealmCard.swift */,
				A19CFD7321EF8DA90060A691 /* RealmCardSet.swift */,
				A19CFD7521EF8E8A0060A691 /* RealmCardType.swift */,
			);
			path = Entities;
			sourceTree = "<group>";
		};
		2FB954CC21EF8C1000B09AFF /* Convertion */ = {
			isa = PBXGroup;
			children = (
				2FB954CD21EF8C3900B09AFF /* DomainRepresentable.swift */,
				2FB954CE21EF8C3900B09AFF /* RealmRepresentable.swift */,
			);
			path = Convertion;
			sourceTree = "<group>";
		};
		2FB954D521EF948500B09AFF /* Repository */ = {
			isa = PBXGroup;
			children = (
				2FB954D621EF961800B09AFF /* RepositoryAbstract.swift */,
				2FB954D821EF964700B09AFF /* FavoriteCardsRepository.swift */,
				A19CFD7721EF9A960060A691 /* CacheManager.swift */,
			);
			path = Repository;
			sourceTree = "<group>";
		};
		2FB954DA21EF9CF100B09AFF /* UseCase Assignment */ = {
			isa = PBXGroup;
			children = (
				2FB954DB21EF9D1B00B09AFF /* UseCaseProviders.swift */,
				2FB954DD21EF9D4200B09AFF /* FavoriteCardsService.swift */,
				2FB954DF21EF9F2000B09AFF /* CacheService.swift */,
			);
			path = "UseCase Assignment";
			sourceTree = "<group>";
		};
		2FEBC24721ED051200B10DED /* Application */ = {
			isa = PBXGroup;
			children = (
				A1DF493521EF547C00E1DCF6 /* AppDelegate */,
				A1DF493221EF542400E1DCF6 /* Util */,
				A1DF492F21EF53D100E1DCF6 /* Screens */,
				A1DF492C21EF532B00E1DCF6 /* Controllers */,
				A1DF492921EE768F00E1DCF6 /* Network */,
				A1145E0D21ECF18900A1A665 /* ViewController.swift */,
				A1145E0F21ECF18900A1A665 /* Main.storyboard */,
				A1145E1521ECF18B00A1A665 /* Assets.xcassets */,
				A1145E1721ECF18B00A1A665 /* LaunchScreen.storyboard */,
			);
			path = Application;
			sourceTree = "<group>";
		};
		2FEBC24E21ED057800B10DED /* Domain */ = {
			isa = PBXGroup;
			children = (
				2FEBC25B21ED058D00B10DED /* UseCases */,
				2FEBC25A21ED058300B10DED /* MTG Entities */,
				2FEBC24F21ED057800B10DED /* Domain.h */,
				2FEBC25021ED057800B10DED /* Info.plist */,
			);
			path = Domain;
			sourceTree = "<group>";
		};
		2FEBC25A21ED058300B10DED /* MTG Entities */ = {
			isa = PBXGroup;
			children = (
				2FEBC26721EE042800B10DED /* Result.swift */,
				2FEBC25C21ED05AD00B10DED /* Card.swift */,
				2FEBC25E21ED05C300B10DED /* CardSet.swift */,
				2FEBC26021ED063B00B10DED /* CardType.swift */,
			);
			path = "MTG Entities";
			sourceTree = "<group>";
		};
		2FEBC25B21ED058D00B10DED /* UseCases */ = {
			isa = PBXGroup;
			children = (
				2FEBC26221ED13D000B10DED /* Providers */,
				2FEBC26321ED186E00B10DED /* ArgumentFile.swift */,
				2FEBC26521EE02D800B10DED /* ApplicationUseCase.swift */,
				2FEBC26921EE04E700B10DED /* CardsUseCase.swift */,
				2FEBC26B21EE055B00B10DED /* FavoriteCardsUseCase.swift */,
			);
			path = UseCases;
			sourceTree = "<group>";
		};
		2FEBC26221ED13D000B10DED /* Providers */ = {
			isa = PBXGroup;
			children = (
				2FEBC26D21EE05B600B10DED /* UseCaseProviders.swift */,
			);
			path = Providers;
			sourceTree = "<group>";
		};
		A1145DFF21ECF18900A1A665 = {
			isa = PBXGroup;
			children = (
				A1145E0A21ECF18900A1A665 /* DesafioBootcamp */,
				2FEBC24E21ED057800B10DED /* Domain */,
				A1DF493D21EF64FA00E1DCF6 /* PlatformAPI */,
				A1DF494E21EF651900E1DCF6 /* PlatformLocalDatabase */,
				2FB8658B21EFB6FB001FB4FE /* PlatformLocalDatabaseTests */,
				A1145E0921ECF18900A1A665 /* Products */,
				A13C654121EF6FA700689169 /* Frameworks */,
			);
			sourceTree = "<group>";
		};
		A1145E0921ECF18900A1A665 /* Products */ = {
			isa = PBXGroup;
			children = (
				A1145E0821ECF18900A1A665 /* DesafioBootcamp.app */,
				2FEBC24D21ED057800B10DED /* Domain.framework */,
				A1DF493C21EF64FA00E1DCF6 /* PlatformAPI.framework */,
				A1DF494D21EF651900E1DCF6 /* PlatformLocalDatabase.framework */,
				2FB8658A21EFB6FB001FB4FE /* PlatformLocalDatabaseTests.xctest */,
			);
			name = Products;
			sourceTree = "<group>";
		};
		A1145E0A21ECF18900A1A665 /* DesafioBootcamp */ = {
			isa = PBXGroup;
			children = (
				2FEBC24721ED051200B10DED /* Application */,
				A1145E1A21ECF18B00A1A665 /* Info.plist */,
				A1145E1221ECF18900A1A665 /* DesafioBootcamp.xcdatamodeld */,
			);
			path = DesafioBootcamp;
			sourceTree = "<group>";
		};
		A13C654121EF6FA700689169 /* Frameworks */ = {
			isa = PBXGroup;
			children = (
				A13C654421EF6FA800689169 /* Nimble.framework */,
				A13C654321EF6FA800689169 /* Quick.framework */,
				A13C654521EF6FA800689169 /* Realm.framework */,
				A13C654221EF6FA800689169 /* RealmSwift.framework */,
			);
			name = Frameworks;
			sourceTree = "<group>";
		};
		A1DF492921EE768F00E1DCF6 /* Network */ = {
			isa = PBXGroup;
			children = (
				A1DF492A21EE769E00E1DCF6 /* MTGService.swift */,
			);
			path = Network;
			sourceTree = "<group>";
		};
		A1DF492C21EF532B00E1DCF6 /* Controllers */ = {
			isa = PBXGroup;
			children = (
				A1DF492D21EF535F00E1DCF6 /* CardsViewController.swift */,
			);
			path = Controllers;
			sourceTree = "<group>";
		};
		A1DF492F21EF53D100E1DCF6 /* Screens */ = {
			isa = PBXGroup;
			children = (
				A1DF493021EF540900E1DCF6 /* CardsScreen.swift */,
			);
			path = Screens;
			sourceTree = "<group>";
		};
		A1DF493221EF542400E1DCF6 /* Util */ = {
			isa = PBXGroup;
			children = (
				A1DF493321EF543400E1DCF6 /* ViewCode Protocol.swift */,
			);
			path = Util;
			sourceTree = "<group>";
		};
		A1DF493521EF547C00E1DCF6 /* AppDelegate */ = {
			isa = PBXGroup;
			children = (
				A1145E0B21ECF18900A1A665 /* AppDelegate.swift */,
			);
			path = AppDelegate;
			sourceTree = "<group>";
		};
		A1DF493D21EF64FA00E1DCF6 /* PlatformAPI */ = {
			isa = PBXGroup;
			children = (
				A1DF493E21EF64FA00E1DCF6 /* PlatformAPI.h */,
				A1DF493F21EF64FA00E1DCF6 /* Info.plist */,
			);
			path = PlatformAPI;
			sourceTree = "<group>";
		};
		A1DF494E21EF651900E1DCF6 /* PlatformLocalDatabase */ = {
			isa = PBXGroup;
			children = (
				2FB954DA21EF9CF100B09AFF /* UseCase Assignment */,
				2FB954D521EF948500B09AFF /* Repository */,
				2FB954CB21EF8C0400B09AFF /* Entities */,
				A1DF494F21EF651900E1DCF6 /* PlatformLocalDatabase.h */,
				A1DF495021EF651900E1DCF6 /* Info.plist */,
				A19CFD7021EF85620060A691 /* RealmObjects.swift */,
			);
			path = PlatformLocalDatabase;
			sourceTree = "<group>";
		};
/* End PBXGroup section */

/* Begin PBXHeadersBuildPhase section */
		2FEBC24821ED057800B10DED /* Headers */ = {
			isa = PBXHeadersBuildPhase;
			buildActionMask = 2147483647;
			files = (
				2FEBC25121ED057800B10DED /* Domain.h in Headers */,
			);
			runOnlyForDeploymentPostprocessing = 0;
		};
		A1DF493721EF64FA00E1DCF6 /* Headers */ = {
			isa = PBXHeadersBuildPhase;
			buildActionMask = 2147483647;
			files = (
				A1DF494021EF64FA00E1DCF6 /* PlatformAPI.h in Headers */,
			);
			runOnlyForDeploymentPostprocessing = 0;
		};
		A1DF494821EF651900E1DCF6 /* Headers */ = {
			isa = PBXHeadersBuildPhase;
			buildActionMask = 2147483647;
			files = (
				A1DF495121EF651900E1DCF6 /* PlatformLocalDatabase.h in Headers */,
			);
			runOnlyForDeploymentPostprocessing = 0;
		};
/* End PBXHeadersBuildPhase section */

/* Begin PBXNativeTarget section */
		2FB8658921EFB6FB001FB4FE /* PlatformLocalDatabaseTests */ = {
			isa = PBXNativeTarget;
			buildConfigurationList = 2FB8659321EFB6FB001FB4FE /* Build configuration list for PBXNativeTarget "PlatformLocalDatabaseTests" */;
			buildPhases = (
				2FB8658621EFB6FB001FB4FE /* Sources */,
				2FB8658721EFB6FB001FB4FE /* Frameworks */,
				2FB8658821EFB6FB001FB4FE /* Resources */,
			);
			buildRules = (
			);
			dependencies = (
				2FB8659021EFB6FB001FB4FE /* PBXTargetDependency */,
			);
			name = PlatformLocalDatabaseTests;
			productName = PlatformLocalDatabaseTests;
			productReference = 2FB8658A21EFB6FB001FB4FE /* PlatformLocalDatabaseTests.xctest */;
			productType = "com.apple.product-type.bundle.unit-test";
		};
		2FEBC24C21ED057800B10DED /* Domain */ = {
			isa = PBXNativeTarget;
			buildConfigurationList = 2FEBC25621ED057800B10DED /* Build configuration list for PBXNativeTarget "Domain" */;
			buildPhases = (
				2FEBC24821ED057800B10DED /* Headers */,
				2FEBC24921ED057800B10DED /* Sources */,
				2FEBC24A21ED057800B10DED /* Frameworks */,
				2FEBC24B21ED057800B10DED /* Resources */,
			);
			buildRules = (
			);
			dependencies = (
			);
			name = Domain;
			productName = Domain;
			productReference = 2FEBC24D21ED057800B10DED /* Domain.framework */;
			productType = "com.apple.product-type.framework";
		};
		A1145E0721ECF18900A1A665 /* DesafioBootcamp */ = {
			isa = PBXNativeTarget;
			buildConfigurationList = A1145E3321ECF18B00A1A665 /* Build configuration list for PBXNativeTarget "DesafioBootcamp" */;
			buildPhases = (
				A1145E0421ECF18900A1A665 /* Sources */,
				A1145E0521ECF18900A1A665 /* Frameworks */,
				A1145E0621ECF18900A1A665 /* Resources */,
				2FEBC25921ED057800B10DED /* Embed Frameworks */,
			);
			buildRules = (
			);
			dependencies = (
				2FEBC25321ED057800B10DED /* PBXTargetDependency */,
				A1DF494221EF64FA00E1DCF6 /* PBXTargetDependency */,
				A1DF495321EF651900E1DCF6 /* PBXTargetDependency */,
			);
			name = DesafioBootcamp;
			productName = DesafioBootcamp;
			productReference = A1145E0821ECF18900A1A665 /* DesafioBootcamp.app */;
			productType = "com.apple.product-type.application";
		};
		A1DF493B21EF64FA00E1DCF6 /* PlatformAPI */ = {
			isa = PBXNativeTarget;
			buildConfigurationList = A1DF494521EF64FA00E1DCF6 /* Build configuration list for PBXNativeTarget "PlatformAPI" */;
			buildPhases = (
				A1DF493721EF64FA00E1DCF6 /* Headers */,
				A1DF493821EF64FA00E1DCF6 /* Sources */,
				A1DF493921EF64FA00E1DCF6 /* Frameworks */,
				A1DF493A21EF64FA00E1DCF6 /* Resources */,
			);
			buildRules = (
			);
			dependencies = (
			);
			name = PlatformAPI;
			productName = PlatformAPI;
			productReference = A1DF493C21EF64FA00E1DCF6 /* PlatformAPI.framework */;
			productType = "com.apple.product-type.framework";
		};
		A1DF494C21EF651900E1DCF6 /* PlatformLocalDatabase */ = {
			isa = PBXNativeTarget;
			buildConfigurationList = A1DF495621EF651900E1DCF6 /* Build configuration list for PBXNativeTarget "PlatformLocalDatabase" */;
			buildPhases = (
				A1DF494821EF651900E1DCF6 /* Headers */,
				A1DF494921EF651900E1DCF6 /* Sources */,
				A1DF494A21EF651900E1DCF6 /* Frameworks */,
				A1DF494B21EF651900E1DCF6 /* Resources */,
			);
			buildRules = (
			);
			dependencies = (
			);
			name = PlatformLocalDatabase;
			productName = PlatformLocalDatabase;
			productReference = A1DF494D21EF651900E1DCF6 /* PlatformLocalDatabase.framework */;
			productType = "com.apple.product-type.framework";
		};
/* End PBXNativeTarget section */

/* Begin PBXProject section */
		A1145E0021ECF18900A1A665 /* Project object */ = {
			isa = PBXProject;
			attributes = {
				LastSwiftUpdateCheck = 1010;
				LastUpgradeCheck = 1010;
				ORGANIZATIONNAME = concrete.solutions;
				TargetAttributes = {
					2FB8658921EFB6FB001FB4FE = {
						CreatedOnToolsVersion = 10.1;
						TestTargetID = A1145E0721ECF18900A1A665;
					};
					2FEBC24C21ED057800B10DED = {
						CreatedOnToolsVersion = 10.1;
						LastSwiftMigration = 1010;
					};
					A1145E0721ECF18900A1A665 = {
						CreatedOnToolsVersion = 10.1;
					};
					A1DF493B21EF64FA00E1DCF6 = {
						CreatedOnToolsVersion = 10.1;
					};
					A1DF494C21EF651900E1DCF6 = {
						CreatedOnToolsVersion = 10.1;
						LastSwiftMigration = 1010;
					};
				};
			};
			buildConfigurationList = A1145E0321ECF18900A1A665 /* Build configuration list for PBXProject "DesafioBootcamp" */;
			compatibilityVersion = "Xcode 9.3";
			developmentRegion = en;
			hasScannedForEncodings = 0;
			knownRegions = (
				en,
				Base,
			);
			mainGroup = A1145DFF21ECF18900A1A665;
			productRefGroup = A1145E0921ECF18900A1A665 /* Products */;
			projectDirPath = "";
			projectRoot = "";
			targets = (
				A1145E0721ECF18900A1A665 /* DesafioBootcamp */,
				2FEBC24C21ED057800B10DED /* Domain */,
				A1DF493B21EF64FA00E1DCF6 /* PlatformAPI */,
				A1DF494C21EF651900E1DCF6 /* PlatformLocalDatabase */,
				2FB8658921EFB6FB001FB4FE /* PlatformLocalDatabaseTests */,
			);
		};
/* End PBXProject section */

/* Begin PBXResourcesBuildPhase section */
		2FB8658821EFB6FB001FB4FE /* Resources */ = {
			isa = PBXResourcesBuildPhase;
			buildActionMask = 2147483647;
			files = (
			);
			runOnlyForDeploymentPostprocessing = 0;
		};
		2FEBC24B21ED057800B10DED /* Resources */ = {
			isa = PBXResourcesBuildPhase;
			buildActionMask = 2147483647;
			files = (
			);
			runOnlyForDeploymentPostprocessing = 0;
		};
		A1145E0621ECF18900A1A665 /* Resources */ = {
			isa = PBXResourcesBuildPhase;
			buildActionMask = 2147483647;
			files = (
				A1145E1921ECF18B00A1A665 /* LaunchScreen.storyboard in Resources */,
				A1145E1621ECF18B00A1A665 /* Assets.xcassets in Resources */,
				A1145E1121ECF18900A1A665 /* Main.storyboard in Resources */,
			);
			runOnlyForDeploymentPostprocessing = 0;
		};
		A1DF493A21EF64FA00E1DCF6 /* Resources */ = {
			isa = PBXResourcesBuildPhase;
			buildActionMask = 2147483647;
			files = (
			);
			runOnlyForDeploymentPostprocessing = 0;
		};
		A1DF494B21EF651900E1DCF6 /* Resources */ = {
			isa = PBXResourcesBuildPhase;
			buildActionMask = 2147483647;
			files = (
			);
			runOnlyForDeploymentPostprocessing = 0;
		};
/* End PBXResourcesBuildPhase section */

/* Begin PBXSourcesBuildPhase section */
		2FB8658621EFB6FB001FB4FE /* Sources */ = {
			isa = PBXSourcesBuildPhase;
			buildActionMask = 2147483647;
			files = (
				2FB8658D21EFB6FB001FB4FE /* FavoriteCardsRepositorySpec.swift in Sources */,
				2FB8659E21F09E84001FB4FE /* CacheManagerSpec.swift in Sources */,
				2FB8659921F09B15001FB4FE /* RealmCardSpec.swift in Sources */,
				2FB8659521EFB81C001FB4FE /* RealmCardMock.swift in Sources */,
				2FB8659621EFB820001FB4FE /* RealmCardSetMock.swift in Sources */,
				2FB8659B21F09CA6001FB4FE /* RealmCardSetSpec.swift in Sources */,
			);
			runOnlyForDeploymentPostprocessing = 0;
		};
		2FEBC24921ED057800B10DED /* Sources */ = {
			isa = PBXSourcesBuildPhase;
			buildActionMask = 2147483647;
			files = (
				2FEBC26E21EE05B600B10DED /* UseCaseProviders.swift in Sources */,
				2FEBC26821EE042800B10DED /* Result.swift in Sources */,
				2FEBC26621EE02D800B10DED /* ApplicationUseCase.swift in Sources */,
				2FEBC26421ED186E00B10DED /* ArgumentFile.swift in Sources */,
				2FEBC25F21ED05C300B10DED /* CardSet.swift in Sources */,
				2FEBC25D21ED05AD00B10DED /* Card.swift in Sources */,
				2FEBC26C21EE055B00B10DED /* FavoriteCardsUseCase.swift in Sources */,
				2FEBC26121ED063B00B10DED /* CardType.swift in Sources */,
				2FEBC26A21EE04E700B10DED /* CardsUseCase.swift in Sources */,
			);
			runOnlyForDeploymentPostprocessing = 0;
		};
		A1145E0421ECF18900A1A665 /* Sources */ = {
			isa = PBXSourcesBuildPhase;
			buildActionMask = 2147483647;
			files = (
				A1DF492B21EE769E00E1DCF6 /* MTGService.swift in Sources */,
				A1DF493121EF540900E1DCF6 /* CardsScreen.swift in Sources */,
				A1145E0E21ECF18900A1A665 /* ViewController.swift in Sources */,
				A1DF492E21EF535F00E1DCF6 /* CardsViewController.swift in Sources */,
				A1145E0C21ECF18900A1A665 /* AppDelegate.swift in Sources */,
				A1145E1421ECF18900A1A665 /* DesafioBootcamp.xcdatamodeld in Sources */,
				A1DF493421EF543400E1DCF6 /* ViewCode Protocol.swift in Sources */,
			);
			runOnlyForDeploymentPostprocessing = 0;
		};
		A1DF493821EF64FA00E1DCF6 /* Sources */ = {
			isa = PBXSourcesBuildPhase;
			buildActionMask = 2147483647;
			files = (
			);
			runOnlyForDeploymentPostprocessing = 0;
		};
		A1DF494921EF651900E1DCF6 /* Sources */ = {
			isa = PBXSourcesBuildPhase;
			buildActionMask = 2147483647;
			files = (
				2FB954DC21EF9D1B00B09AFF /* UseCaseProviders.swift in Sources */,
				A19CFD7421EF8DA90060A691 /* RealmCardSet.swift in Sources */,
				A19CFD7621EF8E8A0060A691 /* RealmCardType.swift in Sources */,
				2FB954D721EF961800B09AFF /* RepositoryAbstract.swift in Sources */,
				2FB954DE21EF9D4200B09AFF /* FavoriteCardsService.swift in Sources */,
				A19CFD7821EF9A960060A691 /* CacheManager.swift in Sources */,
				2FB954D021EF8C3900B09AFF /* RealmRepresentable.swift in Sources */,
				2FB954D221EF8C6900B09AFF /* RealmCard.swift in Sources */,
				2FB954D921EF964700B09AFF /* FavoriteCardsRepository.swift in Sources */,
				2FB954CF21EF8C3900B09AFF /* DomainRepresentable.swift in Sources */,
				2FB954E021EF9F2000B09AFF /* CacheService.swift in Sources */,
				A19CFD7121EF85620060A691 /* RealmObjects.swift in Sources */,
			);
			runOnlyForDeploymentPostprocessing = 0;
		};
/* End PBXSourcesBuildPhase section */

/* Begin PBXTargetDependency section */
		2FB8659021EFB6FB001FB4FE /* PBXTargetDependency */ = {
			isa = PBXTargetDependency;
			target = A1145E0721ECF18900A1A665 /* DesafioBootcamp */;
			targetProxy = 2FB8658F21EFB6FB001FB4FE /* PBXContainerItemProxy */;
		};
		2FEBC25321ED057800B10DED /* PBXTargetDependency */ = {
			isa = PBXTargetDependency;
			target = 2FEBC24C21ED057800B10DED /* Domain */;
			targetProxy = 2FEBC25221ED057800B10DED /* PBXContainerItemProxy */;
		};
		A1DF494221EF64FA00E1DCF6 /* PBXTargetDependency */ = {
			isa = PBXTargetDependency;
			target = A1DF493B21EF64FA00E1DCF6 /* PlatformAPI */;
			targetProxy = A1DF494121EF64FA00E1DCF6 /* PBXContainerItemProxy */;
		};
		A1DF495321EF651900E1DCF6 /* PBXTargetDependency */ = {
			isa = PBXTargetDependency;
			target = A1DF494C21EF651900E1DCF6 /* PlatformLocalDatabase */;
			targetProxy = A1DF495221EF651900E1DCF6 /* PBXContainerItemProxy */;
		};
/* End PBXTargetDependency section */

/* Begin PBXVariantGroup section */
		A1145E0F21ECF18900A1A665 /* Main.storyboard */ = {
			isa = PBXVariantGroup;
			children = (
				A1145E1021ECF18900A1A665 /* Base */,
			);
			name = Main.storyboard;
			sourceTree = "<group>";
		};
		A1145E1721ECF18B00A1A665 /* LaunchScreen.storyboard */ = {
			isa = PBXVariantGroup;
			children = (
				A1145E1821ECF18B00A1A665 /* Base */,
			);
			name = LaunchScreen.storyboard;
			sourceTree = "<group>";
		};
/* End PBXVariantGroup section */

/* Begin XCBuildConfiguration section */
		2FB8659121EFB6FB001FB4FE /* Debug */ = {
			isa = XCBuildConfiguration;
			buildSettings = {
				BUNDLE_LOADER = "$(TEST_HOST)";
				CODE_SIGN_STYLE = Automatic;
				DEVELOPMENT_TEAM = 83C3V38WSB;
				FRAMEWORK_SEARCH_PATHS = (
					"$(inherited)",
					"$(PROJECT_DIR)/Frameworks",
				);
				INFOPLIST_FILE = PlatformLocalDatabaseTests/Info.plist;
				LD_RUNPATH_SEARCH_PATHS = (
					"$(inherited)",
					"@executable_path/Frameworks",
					"@loader_path/Frameworks",
				);
				PRODUCT_BUNDLE_IDENTIFIER = bootcampT1.PlatformLocalDatabaseTests;
				PRODUCT_NAME = "$(TARGET_NAME)";
				SWIFT_VERSION = 4.2;
				TARGETED_DEVICE_FAMILY = "1,2";
				TEST_HOST = "$(BUILT_PRODUCTS_DIR)/DesafioBootcamp.app/DesafioBootcamp";
			};
			name = Debug;
		};
		2FB8659221EFB6FB001FB4FE /* Release */ = {
			isa = XCBuildConfiguration;
			buildSettings = {
				BUNDLE_LOADER = "$(TEST_HOST)";
				CODE_SIGN_STYLE = Automatic;
				DEVELOPMENT_TEAM = 83C3V38WSB;
				FRAMEWORK_SEARCH_PATHS = (
					"$(inherited)",
					"$(PROJECT_DIR)/Frameworks",
				);
				INFOPLIST_FILE = PlatformLocalDatabaseTests/Info.plist;
				LD_RUNPATH_SEARCH_PATHS = (
					"$(inherited)",
					"@executable_path/Frameworks",
					"@loader_path/Frameworks",
				);
				PRODUCT_BUNDLE_IDENTIFIER = bootcampT1.PlatformLocalDatabaseTests;
				PRODUCT_NAME = "$(TARGET_NAME)";
				SWIFT_VERSION = 4.2;
				TARGETED_DEVICE_FAMILY = "1,2";
				TEST_HOST = "$(BUILT_PRODUCTS_DIR)/DesafioBootcamp.app/DesafioBootcamp";
			};
			name = Release;
		};
		2FEBC25721ED057800B10DED /* Debug */ = {
			isa = XCBuildConfiguration;
			buildSettings = {
				CLANG_ENABLE_MODULES = YES;
				CODE_SIGN_IDENTITY = "";
				CODE_SIGN_STYLE = Automatic;
				CURRENT_PROJECT_VERSION = 1;
				DEFINES_MODULE = YES;
				DEVELOPMENT_TEAM = 83C3V38WSB;
				DYLIB_COMPATIBILITY_VERSION = 1;
				DYLIB_CURRENT_VERSION = 1;
				DYLIB_INSTALL_NAME_BASE = "@rpath";
				INFOPLIST_FILE = Domain/Info.plist;
				INSTALL_PATH = "$(LOCAL_LIBRARY_DIR)/Frameworks";
				LD_RUNPATH_SEARCH_PATHS = (
					"$(inherited)",
					"@executable_path/Frameworks",
					"@loader_path/Frameworks",
				);
				PRODUCT_BUNDLE_IDENTIFIER = bootcampT1.Domain;
				PRODUCT_NAME = "$(TARGET_NAME:c99extidentifier)";
				SKIP_INSTALL = YES;
				SWIFT_OPTIMIZATION_LEVEL = "-Onone";
				SWIFT_VERSION = 4.2;
				TARGETED_DEVICE_FAMILY = "1,2";
				VERSIONING_SYSTEM = "apple-generic";
				VERSION_INFO_PREFIX = "";
			};
			name = Debug;
		};
		2FEBC25821ED057800B10DED /* Release */ = {
			isa = XCBuildConfiguration;
			buildSettings = {
				CLANG_ENABLE_MODULES = YES;
				CODE_SIGN_IDENTITY = "";
				CODE_SIGN_STYLE = Automatic;
				CURRENT_PROJECT_VERSION = 1;
				DEFINES_MODULE = YES;
				DEVELOPMENT_TEAM = 83C3V38WSB;
				DYLIB_COMPATIBILITY_VERSION = 1;
				DYLIB_CURRENT_VERSION = 1;
				DYLIB_INSTALL_NAME_BASE = "@rpath";
				INFOPLIST_FILE = Domain/Info.plist;
				INSTALL_PATH = "$(LOCAL_LIBRARY_DIR)/Frameworks";
				LD_RUNPATH_SEARCH_PATHS = (
					"$(inherited)",
					"@executable_path/Frameworks",
					"@loader_path/Frameworks",
				);
				PRODUCT_BUNDLE_IDENTIFIER = bootcampT1.Domain;
				PRODUCT_NAME = "$(TARGET_NAME:c99extidentifier)";
				SKIP_INSTALL = YES;
				SWIFT_VERSION = 4.2;
				TARGETED_DEVICE_FAMILY = "1,2";
				VERSIONING_SYSTEM = "apple-generic";
				VERSION_INFO_PREFIX = "";
			};
			name = Release;
		};
		A1145E3121ECF18B00A1A665 /* Debug */ = {
			isa = XCBuildConfiguration;
			buildSettings = {
				ALWAYS_SEARCH_USER_PATHS = NO;
				CLANG_ANALYZER_NONNULL = YES;
				CLANG_ANALYZER_NUMBER_OBJECT_CONVERSION = YES_AGGRESSIVE;
				CLANG_CXX_LANGUAGE_STANDARD = "gnu++14";
				CLANG_CXX_LIBRARY = "libc++";
				CLANG_ENABLE_MODULES = YES;
				CLANG_ENABLE_OBJC_ARC = YES;
				CLANG_ENABLE_OBJC_WEAK = YES;
				CLANG_WARN_BLOCK_CAPTURE_AUTORELEASING = YES;
				CLANG_WARN_BOOL_CONVERSION = YES;
				CLANG_WARN_COMMA = YES;
				CLANG_WARN_CONSTANT_CONVERSION = YES;
				CLANG_WARN_DEPRECATED_OBJC_IMPLEMENTATIONS = YES;
				CLANG_WARN_DIRECT_OBJC_ISA_USAGE = YES_ERROR;
				CLANG_WARN_DOCUMENTATION_COMMENTS = YES;
				CLANG_WARN_EMPTY_BODY = YES;
				CLANG_WARN_ENUM_CONVERSION = YES;
				CLANG_WARN_INFINITE_RECURSION = YES;
				CLANG_WARN_INT_CONVERSION = YES;
				CLANG_WARN_NON_LITERAL_NULL_CONVERSION = YES;
				CLANG_WARN_OBJC_IMPLICIT_RETAIN_SELF = YES;
				CLANG_WARN_OBJC_LITERAL_CONVERSION = YES;
				CLANG_WARN_OBJC_ROOT_CLASS = YES_ERROR;
				CLANG_WARN_RANGE_LOOP_ANALYSIS = YES;
				CLANG_WARN_STRICT_PROTOTYPES = YES;
				CLANG_WARN_SUSPICIOUS_MOVE = YES;
				CLANG_WARN_UNGUARDED_AVAILABILITY = YES_AGGRESSIVE;
				CLANG_WARN_UNREACHABLE_CODE = YES;
				CLANG_WARN__DUPLICATE_METHOD_MATCH = YES;
				CODE_SIGN_IDENTITY = "iPhone Developer";
				COPY_PHASE_STRIP = NO;
				DEBUG_INFORMATION_FORMAT = dwarf;
				ENABLE_STRICT_OBJC_MSGSEND = YES;
				ENABLE_TESTABILITY = YES;
				GCC_C_LANGUAGE_STANDARD = gnu11;
				GCC_DYNAMIC_NO_PIC = NO;
				GCC_NO_COMMON_BLOCKS = YES;
				GCC_OPTIMIZATION_LEVEL = 0;
				GCC_PREPROCESSOR_DEFINITIONS = (
					"DEBUG=1",
					"$(inherited)",
				);
				GCC_WARN_64_TO_32_BIT_CONVERSION = YES;
				GCC_WARN_ABOUT_RETURN_TYPE = YES_ERROR;
				GCC_WARN_UNDECLARED_SELECTOR = YES;
				GCC_WARN_UNINITIALIZED_AUTOS = YES_AGGRESSIVE;
				GCC_WARN_UNUSED_FUNCTION = YES;
				GCC_WARN_UNUSED_VARIABLE = YES;
				IPHONEOS_DEPLOYMENT_TARGET = 12.1;
				MTL_ENABLE_DEBUG_INFO = INCLUDE_SOURCE;
				MTL_FAST_MATH = YES;
				ONLY_ACTIVE_ARCH = YES;
				SDKROOT = iphoneos;
				SWIFT_ACTIVE_COMPILATION_CONDITIONS = DEBUG;
				SWIFT_OPTIMIZATION_LEVEL = "-Onone";
			};
			name = Debug;
		};
		A1145E3221ECF18B00A1A665 /* Release */ = {
			isa = XCBuildConfiguration;
			buildSettings = {
				ALWAYS_SEARCH_USER_PATHS = NO;
				CLANG_ANALYZER_NONNULL = YES;
				CLANG_ANALYZER_NUMBER_OBJECT_CONVERSION = YES_AGGRESSIVE;
				CLANG_CXX_LANGUAGE_STANDARD = "gnu++14";
				CLANG_CXX_LIBRARY = "libc++";
				CLANG_ENABLE_MODULES = YES;
				CLANG_ENABLE_OBJC_ARC = YES;
				CLANG_ENABLE_OBJC_WEAK = YES;
				CLANG_WARN_BLOCK_CAPTURE_AUTORELEASING = YES;
				CLANG_WARN_BOOL_CONVERSION = YES;
				CLANG_WARN_COMMA = YES;
				CLANG_WARN_CONSTANT_CONVERSION = YES;
				CLANG_WARN_DEPRECATED_OBJC_IMPLEMENTATIONS = YES;
				CLANG_WARN_DIRECT_OBJC_ISA_USAGE = YES_ERROR;
				CLANG_WARN_DOCUMENTATION_COMMENTS = YES;
				CLANG_WARN_EMPTY_BODY = YES;
				CLANG_WARN_ENUM_CONVERSION = YES;
				CLANG_WARN_INFINITE_RECURSION = YES;
				CLANG_WARN_INT_CONVERSION = YES;
				CLANG_WARN_NON_LITERAL_NULL_CONVERSION = YES;
				CLANG_WARN_OBJC_IMPLICIT_RETAIN_SELF = YES;
				CLANG_WARN_OBJC_LITERAL_CONVERSION = YES;
				CLANG_WARN_OBJC_ROOT_CLASS = YES_ERROR;
				CLANG_WARN_RANGE_LOOP_ANALYSIS = YES;
				CLANG_WARN_STRICT_PROTOTYPES = YES;
				CLANG_WARN_SUSPICIOUS_MOVE = YES;
				CLANG_WARN_UNGUARDED_AVAILABILITY = YES_AGGRESSIVE;
				CLANG_WARN_UNREACHABLE_CODE = YES;
				CLANG_WARN__DUPLICATE_METHOD_MATCH = YES;
				CODE_SIGN_IDENTITY = "iPhone Developer";
				COPY_PHASE_STRIP = NO;
				DEBUG_INFORMATION_FORMAT = "dwarf-with-dsym";
				ENABLE_NS_ASSERTIONS = NO;
				ENABLE_STRICT_OBJC_MSGSEND = YES;
				GCC_C_LANGUAGE_STANDARD = gnu11;
				GCC_NO_COMMON_BLOCKS = YES;
				GCC_WARN_64_TO_32_BIT_CONVERSION = YES;
				GCC_WARN_ABOUT_RETURN_TYPE = YES_ERROR;
				GCC_WARN_UNDECLARED_SELECTOR = YES;
				GCC_WARN_UNINITIALIZED_AUTOS = YES_AGGRESSIVE;
				GCC_WARN_UNUSED_FUNCTION = YES;
				GCC_WARN_UNUSED_VARIABLE = YES;
				IPHONEOS_DEPLOYMENT_TARGET = 12.1;
				MTL_ENABLE_DEBUG_INFO = NO;
				MTL_FAST_MATH = YES;
				SDKROOT = iphoneos;
				SWIFT_COMPILATION_MODE = wholemodule;
				SWIFT_OPTIMIZATION_LEVEL = "-O";
				VALIDATE_PRODUCT = YES;
			};
			name = Release;
		};
		A1145E3421ECF18B00A1A665 /* Debug */ = {
			isa = XCBuildConfiguration;
			buildSettings = {
				ALWAYS_EMBED_SWIFT_STANDARD_LIBRARIES = YES;
				ASSETCATALOG_COMPILER_APPICON_NAME = AppIcon;
				CODE_SIGN_STYLE = Automatic;
				DEVELOPMENT_TEAM = 83C3V38WSB;
				INFOPLIST_FILE = DesafioBootcamp/Info.plist;
				LD_RUNPATH_SEARCH_PATHS = (
					"$(inherited)",
					"@executable_path/Frameworks",
				);
				PRODUCT_BUNDLE_IDENTIFIER = Concrete.Desafio.Time1.DesafioBootcamp;
				PRODUCT_NAME = "$(TARGET_NAME)";
				SWIFT_VERSION = 4.2;
				TARGETED_DEVICE_FAMILY = "1,2";
			};
			name = Debug;
		};
		A1145E3521ECF18B00A1A665 /* Release */ = {
			isa = XCBuildConfiguration;
			buildSettings = {
				ALWAYS_EMBED_SWIFT_STANDARD_LIBRARIES = YES;
				ASSETCATALOG_COMPILER_APPICON_NAME = AppIcon;
				CODE_SIGN_STYLE = Automatic;
				DEVELOPMENT_TEAM = 83C3V38WSB;
				INFOPLIST_FILE = DesafioBootcamp/Info.plist;
				LD_RUNPATH_SEARCH_PATHS = (
					"$(inherited)",
					"@executable_path/Frameworks",
				);
				PRODUCT_BUNDLE_IDENTIFIER = Concrete.Desafio.Time1.DesafioBootcamp;
				PRODUCT_NAME = "$(TARGET_NAME)";
				SWIFT_VERSION = 4.2;
				TARGETED_DEVICE_FAMILY = "1,2";
			};
			name = Release;
		};
		A1DF494621EF64FA00E1DCF6 /* Debug */ = {
			isa = XCBuildConfiguration;
			buildSettings = {
				CODE_SIGN_IDENTITY = "";
				CODE_SIGN_STYLE = Automatic;
				CURRENT_PROJECT_VERSION = 1;
				DEFINES_MODULE = YES;
				DEVELOPMENT_TEAM = 83C3V38WSB;
				DYLIB_COMPATIBILITY_VERSION = 1;
				DYLIB_CURRENT_VERSION = 1;
				DYLIB_INSTALL_NAME_BASE = "@rpath";
				INFOPLIST_FILE = PlatformAPI/Info.plist;
				INSTALL_PATH = "$(LOCAL_LIBRARY_DIR)/Frameworks";
				LD_RUNPATH_SEARCH_PATHS = (
					"$(inherited)",
					"@executable_path/Frameworks",
					"@loader_path/Frameworks",
				);
				PRODUCT_BUNDLE_IDENTIFIER = concrete.time1.PlatformAPI;
				PRODUCT_NAME = "$(TARGET_NAME:c99extidentifier)";
				SKIP_INSTALL = YES;
				SWIFT_VERSION = 4.2;
				TARGETED_DEVICE_FAMILY = "1,2";
				VERSIONING_SYSTEM = "apple-generic";
				VERSION_INFO_PREFIX = "";
			};
			name = Debug;
		};
		A1DF494721EF64FA00E1DCF6 /* Release */ = {
			isa = XCBuildConfiguration;
			buildSettings = {
				CODE_SIGN_IDENTITY = "";
				CODE_SIGN_STYLE = Automatic;
				CURRENT_PROJECT_VERSION = 1;
				DEFINES_MODULE = YES;
				DEVELOPMENT_TEAM = 83C3V38WSB;
				DYLIB_COMPATIBILITY_VERSION = 1;
				DYLIB_CURRENT_VERSION = 1;
				DYLIB_INSTALL_NAME_BASE = "@rpath";
				INFOPLIST_FILE = PlatformAPI/Info.plist;
				INSTALL_PATH = "$(LOCAL_LIBRARY_DIR)/Frameworks";
				LD_RUNPATH_SEARCH_PATHS = (
					"$(inherited)",
					"@executable_path/Frameworks",
					"@loader_path/Frameworks",
				);
				PRODUCT_BUNDLE_IDENTIFIER = concrete.time1.PlatformAPI;
				PRODUCT_NAME = "$(TARGET_NAME:c99extidentifier)";
				SKIP_INSTALL = YES;
				SWIFT_VERSION = 4.2;
				TARGETED_DEVICE_FAMILY = "1,2";
				VERSIONING_SYSTEM = "apple-generic";
				VERSION_INFO_PREFIX = "";
			};
			name = Release;
		};
		A1DF495721EF651900E1DCF6 /* Debug */ = {
			isa = XCBuildConfiguration;
			buildSettings = {
				CLANG_ENABLE_MODULES = YES;
				CODE_SIGN_IDENTITY = "";
				CODE_SIGN_STYLE = Automatic;
				CURRENT_PROJECT_VERSION = 1;
				DEFINES_MODULE = YES;
				DEVELOPMENT_TEAM = 83C3V38WSB;
				DYLIB_COMPATIBILITY_VERSION = 1;
				DYLIB_CURRENT_VERSION = 1;
				DYLIB_INSTALL_NAME_BASE = "@rpath";
				FRAMEWORK_SEARCH_PATHS = (
					"$(inherited)",
					"$(PROJECT_DIR)/Frameworks",
				);
				INFOPLIST_FILE = PlatformLocalDatabase/Info.plist;
				INSTALL_PATH = "$(LOCAL_LIBRARY_DIR)/Frameworks";
				LD_RUNPATH_SEARCH_PATHS = (
					"$(inherited)",
					"@executable_path/Frameworks",
					"@loader_path/Frameworks",
				);
				PRODUCT_BUNDLE_IDENTIFIER = concrete.time1.PlatformLocalDatabase;
				PRODUCT_NAME = "$(TARGET_NAME:c99extidentifier)";
				SKIP_INSTALL = YES;
				SWIFT_OPTIMIZATION_LEVEL = "-Onone";
				SWIFT_VERSION = 4.2;
				TARGETED_DEVICE_FAMILY = "1,2";
				VERSIONING_SYSTEM = "apple-generic";
				VERSION_INFO_PREFIX = "";
			};
			name = Debug;
		};
		A1DF495821EF651900E1DCF6 /* Release */ = {
			isa = XCBuildConfiguration;
			buildSettings = {
				CLANG_ENABLE_MODULES = YES;
				CODE_SIGN_IDENTITY = "";
				CODE_SIGN_STYLE = Automatic;
				CURRENT_PROJECT_VERSION = 1;
				DEFINES_MODULE = YES;
				DEVELOPMENT_TEAM = 83C3V38WSB;
				DYLIB_COMPATIBILITY_VERSION = 1;
				DYLIB_CURRENT_VERSION = 1;
				DYLIB_INSTALL_NAME_BASE = "@rpath";
				FRAMEWORK_SEARCH_PATHS = (
					"$(inherited)",
					"$(PROJECT_DIR)/Frameworks",
				);
				INFOPLIST_FILE = PlatformLocalDatabase/Info.plist;
				INSTALL_PATH = "$(LOCAL_LIBRARY_DIR)/Frameworks";
				LD_RUNPATH_SEARCH_PATHS = (
					"$(inherited)",
					"@executable_path/Frameworks",
					"@loader_path/Frameworks",
				);
				PRODUCT_BUNDLE_IDENTIFIER = concrete.time1.PlatformLocalDatabase;
				PRODUCT_NAME = "$(TARGET_NAME:c99extidentifier)";
				SKIP_INSTALL = YES;
				SWIFT_VERSION = 4.2;
				TARGETED_DEVICE_FAMILY = "1,2";
				VERSIONING_SYSTEM = "apple-generic";
				VERSION_INFO_PREFIX = "";
			};
			name = Release;
		};
/* End XCBuildConfiguration section */

/* Begin XCConfigurationList section */
		2FB8659321EFB6FB001FB4FE /* Build configuration list for PBXNativeTarget "PlatformLocalDatabaseTests" */ = {
			isa = XCConfigurationList;
			buildConfigurations = (
				2FB8659121EFB6FB001FB4FE /* Debug */,
				2FB8659221EFB6FB001FB4FE /* Release */,
			);
			defaultConfigurationIsVisible = 0;
			defaultConfigurationName = Release;
		};
		2FEBC25621ED057800B10DED /* Build configuration list for PBXNativeTarget "Domain" */ = {
			isa = XCConfigurationList;
			buildConfigurations = (
				2FEBC25721ED057800B10DED /* Debug */,
				2FEBC25821ED057800B10DED /* Release */,
			);
			defaultConfigurationIsVisible = 0;
			defaultConfigurationName = Release;
		};
		A1145E0321ECF18900A1A665 /* Build configuration list for PBXProject "DesafioBootcamp" */ = {
			isa = XCConfigurationList;
			buildConfigurations = (
				A1145E3121ECF18B00A1A665 /* Debug */,
				A1145E3221ECF18B00A1A665 /* Release */,
			);
			defaultConfigurationIsVisible = 0;
			defaultConfigurationName = Release;
		};
		A1145E3321ECF18B00A1A665 /* Build configuration list for PBXNativeTarget "DesafioBootcamp" */ = {
			isa = XCConfigurationList;
			buildConfigurations = (
				A1145E3421ECF18B00A1A665 /* Debug */,
				A1145E3521ECF18B00A1A665 /* Release */,
			);
			defaultConfigurationIsVisible = 0;
			defaultConfigurationName = Release;
		};
		A1DF494521EF64FA00E1DCF6 /* Build configuration list for PBXNativeTarget "PlatformAPI" */ = {
			isa = XCConfigurationList;
			buildConfigurations = (
				A1DF494621EF64FA00E1DCF6 /* Debug */,
				A1DF494721EF64FA00E1DCF6 /* Release */,
			);
			defaultConfigurationIsVisible = 0;
			defaultConfigurationName = Release;
		};
		A1DF495621EF651900E1DCF6 /* Build configuration list for PBXNativeTarget "PlatformLocalDatabase" */ = {
			isa = XCConfigurationList;
			buildConfigurations = (
				A1DF495721EF651900E1DCF6 /* Debug */,
				A1DF495821EF651900E1DCF6 /* Release */,
			);
			defaultConfigurationIsVisible = 0;
			defaultConfigurationName = Release;
		};
/* End XCConfigurationList section */

/* Begin XCVersionGroup section */
		A1145E1221ECF18900A1A665 /* DesafioBootcamp.xcdatamodeld */ = {
			isa = XCVersionGroup;
			children = (
				A1145E1321ECF18900A1A665 /* DesafioBootcamp.xcdatamodel */,
			);
			currentVersion = A1145E1321ECF18900A1A665 /* DesafioBootcamp.xcdatamodel */;
			path = DesafioBootcamp.xcdatamodeld;
			sourceTree = "<group>";
			versionGroupType = wrapper.xcdatamodel;
		};
/* End XCVersionGroup section */
	};
	rootObject = A1145E0021ECF18900A1A665 /* Project object */;
}
